
Microsoft Visual Studio Solution File, Format Version 12.00
# Visual Studio 15
VisualStudioVersion = 15.0.28010.0
MinimumVisualStudioVersion = 10.0.40219.1
Project("{8BC9CEB8-8B4A-11D0-8D11-00A0C91BC942}") = "ariominer", "ariominer.vcxproj", "{907DB311-1F34-4C68-9929-606992D97A88}"
EndProject
Project("{8BC9CEB8-8B4A-11D0-8D11-00A0C91BC942}") = "argon2_fill_blocks", "..\argon2_fill_blocks\argon2_fill_blocks.vcxproj", "{971243BA-4A01-427A-B7CD-517ED125BEAF}"
EndProject
Global
	GlobalSection(SolutionConfigurationPlatforms) = preSolution
		Debug|x64 = Debug|x64
		Release|x64 = Release|x64
	EndGlobalSection
	GlobalSection(ProjectConfigurationPlatforms) = postSolution
		{907DB311-1F34-4C68-9929-606992D97A88}.Debug|x64.ActiveCfg = Debug_NVIDIA|x64
		{907DB311-1F34-4C68-9929-606992D97A88}.Debug|x64.Build.0 = Debug_NVIDIA|x64
		{907DB311-1F34-4C68-9929-606992D97A88}.Release|x64.ActiveCfg = Release_Intel|x64
		{907DB311-1F34-4C68-9929-606992D97A88}.Release|x64.Build.0 = Release_Intel|x64
		{971243BA-4A01-427A-B7CD-517ED125BEAF}.Debug|x64.ActiveCfg = Debug-REF|x64
		{971243BA-4A01-427A-B7CD-517ED125BEAF}.Debug|x64.Build.0 = Debug-REF|x64
		{971243BA-4A01-427A-B7CD-517ED125BEAF}.Release|x64.ActiveCfg = Debug-AVX2|x64
		{971243BA-4A01-427A-B7CD-517ED125BEAF}.Release|x64.Build.0 = Debug-AVX2|x64
	EndGlobalSection
	GlobalSection(SolutionProperties) = preSolution
		HideSolutionNode = FALSE
	EndGlobalSection
	GlobalSection(ExtensibilityGlobals) = postSolution
		SolutionGuid = {7D52D62A-F5DD-4252-BF65-8DEE07E99D1E}
	EndGlobalSection
EndGlobal
