<?xml version="1.0" encoding="utf-8"?>
<Project ToolsVersion="4.0" xmlns="http://schemas.microsoft.com/developer/msbuild/2003">
  <ItemGroup>
    <ClCompile Include="..\..\app\arguments.cpp">
      <Filter>app</Filter>
    </ClCompile>
    <ClCompile Include="..\..\app\main.cpp">
      <Filter>app</Filter>
    </ClCompile>
    <ClCompile Include="..\..\common\common.cpp">
      <Filter>common</Filter>
    </ClCompile>
    <ClCompile Include="..\..\crypt\sha512.cpp">
      <Filter>crypt</Filter>
    </ClCompile>
    <ClCompile Include="..\..\hash\argon2\blake2\blake2b.c">
      <Filter>hash\argon2\blake2</Filter>
    </ClCompile>
    <ClCompile Include="..\..\hash\argon2\argon2.cpp">
      <Filter>hash\argon2</Filter>
    </ClCompile>
    <ClCompile Include="..\..\hash\argon2\argon2profile_1_1_524288.c">
      <Filter>hash\argon2</Filter>
    </ClCompile>
    <ClCompile Include="..\..\hash\argon2\argon2profile_4_4_16384.c">
      <Filter>hash\argon2</Filter>
    </ClCompile>
    <ClCompile Include="..\..\hash\cpu\cpu_features\src\cpuid_x86_clang_gcc.c">
      <Filter>hash\cpu\cpu_features</Filter>
    </ClCompile>
    <ClCompile Include="..\..\hash\cpu\cpu_features\src\cpuid_x86_msvc.c">
      <Filter>hash\cpu\cpu_features</Filter>
    </ClCompile>
    <ClCompile Include="..\..\hash\cpu\cpu_features\src\cpuinfo_aarch64.c">
      <Filter>hash\cpu\cpu_features</Filter>
    </ClCompile>
    <ClCompile Include="..\..\hash\cpu\cpu_features\src\cpuinfo_arm.c">
      <Filter>hash\cpu\cpu_features</Filter>
    </ClCompile>
    <ClCompile Include="..\..\hash\cpu\cpu_features\src\cpuinfo_mips.c">
      <Filter>hash\cpu\cpu_features</Filter>
    </ClCompile>
    <ClCompile Include="..\..\hash\cpu\cpu_features\src\cpuinfo_ppc.c">
      <Filter>hash\cpu\cpu_features</Filter>
    </ClCompile>
    <ClCompile Include="..\..\hash\cpu\cpu_features\src\cpuinfo_x86.c">
      <Filter>hash\cpu\cpu_features</Filter>
    </ClCompile>
    <ClCompile Include="..\..\hash\cpu\cpu_features\src\filesystem.c">
      <Filter>hash\cpu\cpu_features</Filter>
    </ClCompile>
    <ClCompile Include="..\..\hash\cpu\cpu_features\src\hwcaps.c">
      <Filter>hash\cpu\cpu_features</Filter>
    </ClCompile>
    <ClCompile Include="..\..\hash\cpu\cpu_features\src\linux_features_aggregator.c">
      <Filter>hash\cpu\cpu_features</Filter>
    </ClCompile>
    <ClCompile Include="..\..\hash\cpu\cpu_features\src\stack_line_reader.c">
      <Filter>hash\cpu\cpu_features</Filter>
    </ClCompile>
    <ClCompile Include="..\..\hash\cpu\cpu_features\src\string_view.c">
      <Filter>hash\cpu\cpu_features</Filter>
    </ClCompile>
    <ClCompile Include="..\..\hash\cpu\cpu_hasher.cpp">
      <Filter>hash\cpu</Filter>
    </ClCompile>
    <ClCompile Include="..\..\hash\gpu\gpu_hasher.cpp">
      <Filter>hash\gpu</Filter>
    </ClCompile>
    <ClCompile Include="..\..\hash\gpu\opencl_kernel.cpp">
      <Filter>hash\gpu</Filter>
    </ClCompile>
    <ClCompile Include="..\..\hash\hasher.cpp">
      <Filter>hash</Filter>
    </ClCompile>
    <ClCompile Include="..\..\http\client.cpp">
      <Filter>http</Filter>
    </ClCompile>
    <ClCompile Include="..\..\http\http.cpp">
      <Filter>http</Filter>
    </ClCompile>
    <ClCompile Include="..\..\http\server.cpp">
      <Filter>http</Filter>
    </ClCompile>
    <ClCompile Include="..\..\miner\mini-gmp\mini-gmp.c">
      <Filter>miner\mini-gmp</Filter>
    </ClCompile>
    <ClCompile Include="..\..\miner\miner.cpp">
      <Filter>miner</Filter>
    </ClCompile>
    <ClCompile Include="..\..\proxy\proxy.cpp">
      <Filter>proxy</Filter>
    </ClCompile>
    <ClCompile Include="..\dlfcn\dlfcn.c">
      <Filter>win64\dlfcn</Filter>
    </ClCompile>
    <ClCompile Include="..\win64_compatibility_layer.c">
      <Filter>win64</Filter>
    </ClCompile>
    <ClCompile Include="..\..\http\http_parser\http_parser.c">
      <Filter>http\http_parser</Filter>
    </ClCompile>
    <ClCompile Include="..\..\crypt\base64.cpp">
      <Filter>crypt</Filter>
    </ClCompile>
    <ClCompile Include="..\..\crypt\random_generator.cpp">
      <Filter>crypt</Filter>
    </ClCompile>
    <ClCompile Include="..\..\autotune\autotune.cpp">
      <Filter>autotune</Filter>
    </ClCompile>
  </ItemGroup>
  <ItemGroup>
    <ClInclude Include="..\..\app\arguments.h">
      <Filter>app</Filter>
    </ClInclude>
    <ClInclude Include="..\..\common\common.h">
      <Filter>common</Filter>
    </ClInclude>
    <ClInclude Include="..\..\crypt\sha512.h">
      <Filter>crypt</Filter>
    </ClInclude>
    <ClInclude Include="..\..\hash\argon2\blake2\blake2.h">
      <Filter>hash\argon2\blake2</Filter>
    </ClInclude>
    <ClInclude Include="..\..\hash\argon2\blake2\blake2-impl.h">
      <Filter>hash\argon2\blake2</Filter>
    </ClInclude>
    <ClInclude Include="..\..\hash\argon2\argon2.h">
      <Filter>hash\argon2</Filter>
    </ClInclude>
    <ClInclude Include="..\..\hash\argon2\defs.h">
      <Filter>hash\argon2</Filter>
    </ClInclude>
    <ClInclude Include="..\..\hash\cpu\cpu_features\include\cpuinfo_aarch64.h">
      <Filter>hash\cpu\cpu_features\include</Filter>
    </ClInclude>
    <ClInclude Include="..\..\hash\cpu\cpu_features\include\cpuinfo_arm.h">
      <Filter>hash\cpu\cpu_features\include</Filter>
    </ClInclude>
    <ClInclude Include="..\..\hash\cpu\cpu_features\include\cpuinfo_mips.h">
      <Filter>hash\cpu\cpu_features\include</Filter>
    </ClInclude>
    <ClInclude Include="..\..\hash\cpu\cpu_features\include\cpuinfo_ppc.h">
      <Filter>hash\cpu\cpu_features\include</Filter>
    </ClInclude>
    <ClInclude Include="..\..\hash\cpu\cpu_features\include\cpuinfo_x86.h">
      <Filter>hash\cpu\cpu_features\include</Filter>
    </ClInclude>
    <ClInclude Include="..\..\hash\cpu\cpu_features\include\cpu_features_macros.h">
      <Filter>hash\cpu\cpu_features\include</Filter>
    </ClInclude>
    <ClInclude Include="..\..\hash\cpu\cpu_features\include\internal\bit_utils.h">
      <Filter>hash\cpu\cpu_features\include\internal</Filter>
    </ClInclude>
    <ClInclude Include="..\..\hash\cpu\cpu_features\include\internal\linux_features_aggregator.h">
      <Filter>hash\cpu\cpu_features\include\internal</Filter>
    </ClInclude>
    <ClInclude Include="..\..\hash\cpu\cpu_features\include\internal\cpuid_x86.h">
      <Filter>hash\cpu\cpu_features\include\internal</Filter>
    </ClInclude>
    <ClInclude Include="..\..\hash\cpu\cpu_features\include\internal\filesystem.h">
      <Filter>hash\cpu\cpu_features\include\internal</Filter>
    </ClInclude>
    <ClInclude Include="..\..\hash\cpu\cpu_features\include\internal\hwcaps.h">
      <Filter>hash\cpu\cpu_features\include\internal</Filter>
    </ClInclude>
    <ClInclude Include="..\..\hash\cpu\cpu_features\include\internal\stack_line_reader.h">
      <Filter>hash\cpu\cpu_features\include\internal</Filter>
    </ClInclude>
    <ClInclude Include="..\..\hash\cpu\cpu_features\include\internal\string_view.h">
      <Filter>hash\cpu\cpu_features\include\internal</Filter>
    </ClInclude>
    <ClInclude Include="..\..\hash\cpu\cpu_hasher.h">
      <Filter>hash\cpu</Filter>
    </ClInclude>
    <ClInclude Include="..\..\hash\gpu\gpu_hasher.h">
      <Filter>hash\gpu</Filter>
    </ClInclude>
    <ClInclude Include="..\..\hash\gpu\opencl_kernel.h">
      <Filter>hash\gpu</Filter>
    </ClInclude>
    <ClInclude Include="..\..\hash\hasher.h">
      <Filter>hash</Filter>
    </ClInclude>
    <ClInclude Include="..\..\http\simplejson\json.h">
      <Filter>http\simplejson</Filter>
    </ClInclude>
    <ClInclude Include="..\..\http\client.h">
      <Filter>http</Filter>
    </ClInclude>
    <ClInclude Include="..\..\http\http.h">
      <Filter>http</Filter>
    </ClInclude>
    <ClInclude Include="..\..\http\server.h">
      <Filter>http</Filter>
    </ClInclude>
    <ClInclude Include="..\..\miner\mini-gmp\mini-gmp.h">
      <Filter>miner\mini-gmp</Filter>
    </ClInclude>
    <ClInclude Include="..\..\miner\miner.h">
      <Filter>miner</Filter>
    </ClInclude>
    <ClInclude Include="..\..\proxy\proxy.h">
      <Filter>proxy</Filter>
    </ClInclude>
    <ClInclude Include="..\config.h">
      <Filter>win64</Filter>
    </ClInclude>
    <ClInclude Include="..\dlfcn\dlfcn.h">
      <Filter>win64\dlfcn</Filter>
    </ClInclude>
    <ClInclude Include="..\getopt.h">
      <Filter>win64</Filter>
    </ClInclude>
    <ClInclude Include="..\win64_compatibility_layer.h">
      <Filter>win64</Filter>
    </ClInclude>
    <ClInclude Include="..\..\http\http_parser\http_parser.h">
      <Filter>http\http_parser</Filter>
    </ClInclude>
    <ClInclude Include="..\..\crypt\base64.h">
      <Filter>crypt</Filter>
    </ClInclude>
    <ClInclude Include="..\..\crypt\random_generator.h">
      <Filter>crypt</Filter>
    </ClInclude>
    <ClInclude Include="..\..\autotune\autotune.h">
      <Filter>autotune</Filter>
    </ClInclude>
  </ItemGroup>
  <ItemGroup>
    <Filter Include="app">
      <UniqueIdentifier>{bb015fbe-fffa-4a3e-ae52-8d02ae0cd971}</UniqueIdentifier>
    </Filter>
    <Filter Include="common">
      <UniqueIdentifier>{690fd781-a20b-490e-8561-dce88ef09115}</UniqueIdentifier>
    </Filter>
    <Filter Include="crypt">
      <UniqueIdentifier>{7e098883-0c87-4f7f-bd70-0acb524a929e}</UniqueIdentifier>
    </Filter>
    <Filter Include="hash">
      <UniqueIdentifier>{e48ac074-e0e2-4c9d-b454-d3d0864abe08}</UniqueIdentifier>
    </Filter>
    <Filter Include="hash\argon2">
      <UniqueIdentifier>{0e411178-6921-4297-b66f-a7bc52a8b47e}</UniqueIdentifier>
    </Filter>
    <Filter Include="hash\argon2\blake2">
      <UniqueIdentifier>{dcdc37c6-4aa2-4dd8-abbd-46d372e4d29a}</UniqueIdentifier>
    </Filter>
    <Filter Include="hash\cpu">
      <UniqueIdentifier>{e425efdf-c7c6-4d38-affb-7fb65c73960d}</UniqueIdentifier>
    </Filter>
    <Filter Include="hash\cpu\cpu_features">
      <UniqueIdentifier>{c1f03866-d124-402c-bc86-e60dbb626929}</UniqueIdentifier>
    </Filter>
    <Filter Include="hash\cpu\cpu_features\include">
      <UniqueIdentifier>{9ced8343-968c-44e3-b221-c074a0db9ccb}</UniqueIdentifier>
    </Filter>
    <Filter Include="hash\cpu\cpu_features\include\internal">
      <UniqueIdentifier>{b62a7a8c-e34b-4ddc-8897-23edbdbbc62a}</UniqueIdentifier>
    </Filter>
    <Filter Include="hash\gpu">
      <UniqueIdentifier>{e185688b-0214-4136-931a-75ae44913d14}</UniqueIdentifier>
    </Filter>
    <Filter Include="http">
      <UniqueIdentifier>{d43761d5-a7de-472c-96f7-d023a6c489c7}</UniqueIdentifier>
    </Filter>
    <Filter Include="http\simplejson">
      <UniqueIdentifier>{e2498988-9444-4a61-b94e-bb3eaabdc235}</UniqueIdentifier>
    </Filter>
    <Filter Include="miner">
      <UniqueIdentifier>{7be5880a-f53b-4c8a-bbb3-177b1ce0b035}</UniqueIdentifier>
    </Filter>
    <Filter Include="miner\mini-gmp">
      <UniqueIdentifier>{5680f722-f599-4391-882f-aac7504ff1ef}</UniqueIdentifier>
    </Filter>
    <Filter Include="proxy">
      <UniqueIdentifier>{56c8891a-451c-4c5d-9073-ff4126249cec}</UniqueIdentifier>
    </Filter>
    <Filter Include="resources">
      <UniqueIdentifier>{e779a155-f27b-4dca-b23a-7da4c7d18330}</UniqueIdentifier>
    </Filter>
    <Filter Include="win64">
      <UniqueIdentifier>{bf0c4301-9c14-4f68-9cce-8c2996a54c7b}</UniqueIdentifier>
    </Filter>
    <Filter Include="win64\dlfcn">
      <UniqueIdentifier>{0f4541e7-e9f8-4c09-88f9-ec41c598e07e}</UniqueIdentifier>
    </Filter>
    <Filter Include="http\http_parser">
      <UniqueIdentifier>{afe78bb6-d5f8-42ad-9af2-1a7bb0ef3ba3}</UniqueIdentifier>
    </Filter>
    <Filter Include="autotune">
      <UniqueIdentifier>{ec1e35f4-8819-4d00-b402-9ee889cf5429}</UniqueIdentifier>
    </Filter>
  </ItemGroup>
  <ItemGroup>
    <None Include="..\tdr_delay.reg">
      <Filter>resources</Filter>
    </None>
  </ItemGroup>
</Project>